<?xml version="1.0" encoding="UTF-8" standalone="yes" ?>
<CodeBlocks_project_file>
	<FileVersion major="1" minor="6" />
	<Project>
		<Option title="ZhyCore" />
		<Option pch_mode="2" />
		<Option compiler="gcc" />
		<Build>
			<Target title="Debug">
				<Option output="bin/Debug/ZhyCore" prefix_auto="1" extension_auto="1" />
				<Option object_output="obj/Debug/" />
				<Option type="1" />
				<Option compiler="gcc" />
				<Compiler>
					<Add option="-g" />
				</Compiler>
			</Target>
			<Target title="Release">
				<Option output="bin/Release/ZhyCore" prefix_auto="1" extension_auto="1" />
				<Option object_output="obj/Release/" />
				<Option type="1" />
				<Option compiler="gcc" />
				<Compiler>
					<Add option="-O2" />
				</Compiler>
				<Linker>
					<Add option="-s" />
				</Linker>
			</Target>
		</Build>
		<Compiler>
			<Add option="-Wall" />
			<Add option="-fexceptions" />
			<Add option="-std=c++0x" />
			<Add option="-lwsock32" />
		</Compiler>
		<Unit filename="Main.cpp" />
		<Unit filename="include/Debuger.h" />
		<Unit filename="include/ExtraFuncs.h" />
		<Unit filename="include/SessionManager.h" />
		<Unit filename="src/Debuger.cpp" />
		<Unit filename="src/ExtraFuncs.cpp" />
		<Unit filename="src/Player.hpp" />
		<Unit filename="src/Server.hpp" />
		<Unit filename="src/raknet/RakNetServer.hpp" />
		<Unit filename="src/raknet/Session.cpp" />
		<Unit filename="src/raknet/Session.h" />
		<Unit filename="src/raknet/SessionManager.cpp" />
		<Unit filename="src/raknet/lib/cross_platform_socket.cpp" />
		<Unit filename="src/raknet/lib/cross_platform_socket.h" />
		<Unit filename="src/raknet/lib/socket_exception.h" />
		<Unit filename="src/raknet/lib/udppacket.cpp" />
		<Unit filename="src/raknet/lib/udppacket.h" />
		<Unit filename="src/raknet/lib/udpsocket.cpp" />
		<Unit filename="src/raknet/lib/udpsocket.h" />
		<Unit filename="src/raknet/protocol/ACK.hpp" />
		<Unit filename="src/raknet/protocol/BATCH_PACKET.hpp" />
		<Unit filename="src/raknet/protocol/CLIENT_CONNECT_DataPacket.hpp" />
		<Unit filename="src/raknet/protocol/CLIENT_HANDSHAKE_DataPacket.hpp" />
		<Unit filename="src/raknet/protocol/DATA_PACKET_0.hpp" />
		<Unit filename="src/raknet/protocol/DATA_PACKET_4.hpp" />
		<Unit filename="src/raknet/protocol/DataPacket.hpp" />
		<Unit filename="src/raknet/protocol/EncapsulatedPacket.hpp" />
		<Unit filename="src/raknet/protocol/OPEN_CONNECTION_REPLY_1.hpp" />
		<Unit filename="src/raknet/protocol/OPEN_CONNECTION_REPLY_2.hpp" />
		<Unit filename="src/raknet/protocol/OPEN_CONNECTION_REQUEST_1.hpp" />
		<Unit filename="src/raknet/protocol/OPEN_CONNECTION_REQUEST_2.hpp" />
		<Unit filename="src/raknet/protocol/Packet.hpp" />
		<Unit filename="src/raknet/protocol/SERVER_HANDSHAKE_DataPacket.hpp" />
		<Unit filename="src/raknet/protocol/UNCONNECTED_PING.hpp" />
		<Unit filename="src/raknet/protocol/UNCONNECTED_PONG.hpp" />
		<Unit filename="src/scheduler/ThreadPool.cpp" />
		<Unit filename="src/scheduler/ThreadPool.h" />
		<Unit filename="src/utils/Binary.hpp" />
		<Extensions>
			<code_completion />
			<envvars />
			<debugger />
			<lib_finder disable_auto="1" />
		</Extensions>
	</Project>
</CodeBlocks_project_file>
